# This file is generated by running "yarn install" inside your project.
# Manual changes might be lost - proceed with caution!

__metadata:
  version: 8
  cacheKey: 10c0

"@scope/toolkit@npm:^2.1.0":
  version: 2.1.4
  resolution: "@scope/toolkit@npm:2.1.4"
  dependencies:
    left-pad: "npm:^1.3.0"
  checksum: 10c0/3b6b09666ba38f3675927f8193928e168becbb77fd3f0b27d1f7a94540be81c9
  languageName: node
  linkType: hard

"golden-app@workspace:.":
  version: 0.0.0-use.local
  resolution: "golden-app@workspace:."
  dependencies:
    "@scope/toolkit": "npm:^2.1.0"
    left-pad: "npm:^1.3.0"
  languageName: unknown
  linkType: soft

"left-pad@npm:^1.3.0":
  version: 1.3.0
  resolution: "left-pad@npm:1.3.0"
  checksum: 10c0/dc46eee83c4b8b3f0a05dd97eda7a2f7ecd3e0c1b5e1c1f9dcaeba7b1a67c4de
  languageName: node
  linkType: hard

"lodash@patch:lodash@npm%3A4.17.21#./.yarn/patches/lodash-npm-4.17.21-6382451519.patch::version=4.17.21&hash=2a5c2b":
  version: 4.17.21
  resolution: "lodash@patch:lodash@npm%3A4.17.21#./.yarn/patches/lodash-npm-4.17.21-6382451519.patch::version=4.17.21&hash=2a5c2b"
  languageName: node
  linkType: hard

"local-tool@link:../local-tool::locator=golden-app%40workspace%3A.":
  version: 0.0.0-use.local
  resolution: "local-tool@link:../local-tool::locator=golden-app%40workspace%3A."
  languageName: unknown
  linkType: soft
