# This file is automatically @generated by Poetry 2.0.0 and should not be changed by hand.

[[package]]
name = "flask"
version = "3.0.3"
description = "A simple framework for building complex web applications."
optional = false
python-versions = ">=3.8"
groups = ["main"]

[[package]]
name = "pytest"
version = "8.2.0"
description = "pytest: simple powerful testing with Python"
optional = false
python-versions = ">=3.8"
groups = ["dev"]

[metadata]
lock-version = "2.1"
python-versions = ">=3.9"
content-hash = "0f1e2d3c4b5a69780f1e2d3c4b5a69780f1e2d3c4b5a69780f1e2d3c4b5a6978"
