{
  "name": "webapp-fixture",
  "version": "3.1.4",
  "lockfileVersion": 3,
  "requires": true,
  "packages": {
    "": {
      "name": "webapp-fixture",
      "version": "3.1.4",
      "dependencies": {
        "@scope/pkg": "^2.0.0",
        "left-pad": "^1.3.0"
      },
      "devDependencies": {
        "typescript": "^5.4.5"
      }
    },
    "node_modules/@scope/pkg": {
      "version": "2.0.0",
      "resolved": "https://registry.npmjs.org/@scope/pkg/-/pkg-2.0.0.tgz",
      "integrity": "sha512-AAaa0f1e2d3cAAaa0f1e2d3cAAaa0f1e2d3cAAaa0f1e2d3cAAaa0f1e2d3cAAaa0f1e2d3cAAaa0f1e2d3cAA==",
      "license": "MIT"
    },
    "node_modules/left-pad": {
      "version": "1.3.0",
      "resolved": "https://registry.npmjs.org/left-pad/-/left-pad-1.3.0.tgz",
      "integrity": "sha512-BBbb4c5d6e7fBBbb4c5d6e7fBBbb4c5d6e7fBBbb4c5d6e7fBBbb4c5d6e7fBBbb4c5d6e7fBBbb4c5d6e7fBB==",
      "license": "WTFPL"
    },
    "node_modules/typescript": {
      "version": "5.4.5",
      "dev": true,
      "resolved": "https://registry.npmjs.org/typescript/-/typescript-5.4.5.tgz",
      "integrity": "sha512-CCcc8091a2b3CCcc8091a2b3CCcc8091a2b3CCcc8091a2b3CCcc8091a2b3CCcc8091a2b3CCcc8091a2b3CC==",
      "license": "Apache-2.0"
    }
  }
}
