{
  "name": "nightmare-web-console",
  "version": "1.0.0",
  "lockfileVersion": 3,
  "requires": true,
  "packages": {
    "": {
      "name": "nightmare-web-console",
      "version": "1.0.0",
      "dependencies": {
        "debug": "4.3.4"
      },
      "devDependencies": {
        "rimraf": "5.0.5"
      }
    },
    "node_modules/debug": {
      "version": "4.3.4",
      "resolved": "https://registry.npmjs.org/debug/-/debug-4.3.4.tgz",
      "integrity": "sha512-AAaa0f1e2d3cAAaa0f1e2d3cAAaa0f1e2d3cAAaa0f1e2d3cAAaa0f1e2d3cAAaa0f1e2d3cAAaa0f1e2d3cAA==",
      "dependencies": {
        "ms": "2.1.2"
      }
    },
    "node_modules/ms": {
      "version": "2.1.2",
      "resolved": "https://registry.npmjs.org/ms/-/ms-2.1.2.tgz",
      "integrity": "sha512-BBbb4c5d6e7fBBbb4c5d6e7fBBbb4c5d6e7fBBbb4c5d6e7fBBbb4c5d6e7fBBbb4c5d6e7fBBbb4c5d6e7fBB=="
    },
    "node_modules/rimraf": {
      "version": "5.0.5",
      "dev": true,
      "resolved": "https://registry.npmjs.org/rimraf/-/rimraf-5.0.5.tgz",
      "integrity": "sha512-CCcc8a9b0c1dCCcc8a9b0c1dCCcc8a9b0c1dCCcc8a9b0c1dCCcc8a9b0c1dCCcc8a9b0c1dCCcc8a9b0c1dCC=="
    }
  }
}
