{
  "name": "package-budget-fixture",
  "version": "1.0.0",
  "lockfileVersion": 3,
  "packages": {
    "": {
      "name": "package-budget-fixture",
      "version": "1.0.0"
    },
    "node_modules/npm-alpha": {
      "version": "1.0.0"
    },
    "node_modules/npm-beta": {
      "version": "2.0.0"
    },
    "node_modules/npm-gamma": {
      "version": "3.0.0"
    }
  }
}
